
Microsoft Visual Studio Solution File, Format Version 12.00
# Visual Studio Version 16
VisualStudioVersion = 16.0.29324.140
MinimumVisualStudioVersion = 10.0.40219.1
Project("{9A19103F-16F7-4668-BE54-9A1E7A4F7556}") = "GmodNET", "GmodNET\GmodNET.csproj", "{97FA8B85-BF3D-4FB6-B9C7-6F2E61F39D4E}"
EndProject
Project("{9A19103F-16F7-4668-BE54-9A1E7A4F7556}") = "GmodNET.API", "GmodNET.API\GmodNET.API.csproj", "{49210D87-ADFF-4EF9-B016-E3DD9302117C}"
EndProject
Project("{FAE04EC0-301F-11D3-BF4B-00C04F79EFBC}") = "DefaultContextResolver", "DefaultContextResolver\DefaultContextResolver.csproj", "{409EF3A2-679C-43B1-8856-EE1B50E2E304}"
EndProject
Global
	GlobalSection(SolutionConfigurationPlatforms) = preSolution
		Debug|Any CPU = Debug|Any CPU
		Release|Any CPU = Release|Any CPU
	EndGlobalSection
	GlobalSection(ProjectConfigurationPlatforms) = postSolution
		{97FA8B85-BF3D-4FB6-B9C7-6F2E61F39D4E}.Debug|Any CPU.ActiveCfg = Debug|Any CPU
		{97FA8B85-BF3D-4FB6-B9C7-6F2E61F39D4E}.Debug|Any CPU.Build.0 = Debug|Any CPU
		{97FA8B85-BF3D-4FB6-B9C7-6F2E61F39D4E}.Release|Any CPU.ActiveCfg = Release|Any CPU
		{97FA8B85-BF3D-4FB6-B9C7-6F2E61F39D4E}.Release|Any CPU.Build.0 = Release|Any CPU
		{49210D87-ADFF-4EF9-B016-E3DD9302117C}.Debug|Any CPU.ActiveCfg = Debug|Any CPU
		{49210D87-ADFF-4EF9-B016-E3DD9302117C}.Debug|Any CPU.Build.0 = Debug|Any CPU
		{49210D87-ADFF-4EF9-B016-E3DD9302117C}.Release|Any CPU.ActiveCfg = Release|Any CPU
		{49210D87-ADFF-4EF9-B016-E3DD9302117C}.Release|Any CPU.Build.0 = Release|Any CPU
		{409EF3A2-679C-43B1-8856-EE1B50E2E304}.Debug|Any CPU.ActiveCfg = Debug|Any CPU
		{409EF3A2-679C-43B1-8856-EE1B50E2E304}.Debug|Any CPU.Build.0 = Debug|Any CPU
		{409EF3A2-679C-43B1-8856-EE1B50E2E304}.Release|Any CPU.ActiveCfg = Release|Any CPU
		{409EF3A2-679C-43B1-8856-EE1B50E2E304}.Release|Any CPU.Build.0 = Release|Any CPU
	EndGlobalSection
	GlobalSection(SolutionProperties) = preSolution
		HideSolutionNode = FALSE
	EndGlobalSection
	GlobalSection(ExtensibilityGlobals) = postSolution
		SolutionGuid = {1A2C8398-3EFA-42EA-9A3D-C18B7EFD3B52}
	EndGlobalSection
EndGlobal
