
Microsoft Visual Studio Solution File, Format Version 12.00
# Visual Studio 15
VisualStudioVersion = 15.0.28307.421
MinimumVisualStudioVersion = 10.0.40219.1
Project("{FAE04EC0-301F-11D3-BF4B-00C04F79EFBC}") = "Gmod.NET", "Gmod.NET.csproj", "{97DC6E60-A9CC-4F17-BF38-62932B4BFAD5}"
EndProject
Global
	GlobalSection(SolutionConfigurationPlatforms) = preSolution
		Debug|Any CPU = Debug|Any CPU
		Release|Any CPU = Release|Any CPU
	EndGlobalSection
	GlobalSection(ProjectConfigurationPlatforms) = postSolution
		{97DC6E60-A9CC-4F17-BF38-62932B4BFAD5}.Debug|Any CPU.ActiveCfg = Debug|Any CPU
		{97DC6E60-A9CC-4F17-BF38-62932B4BFAD5}.Debug|Any CPU.Build.0 = Debug|Any CPU
		{97DC6E60-A9CC-4F17-BF38-62932B4BFAD5}.Release|Any CPU.ActiveCfg = Release|Any CPU
		{97DC6E60-A9CC-4F17-BF38-62932B4BFAD5}.Release|Any CPU.Build.0 = Release|Any CPU
	EndGlobalSection
	GlobalSection(SolutionProperties) = preSolution
		HideSolutionNode = FALSE
	EndGlobalSection
	GlobalSection(ExtensibilityGlobals) = postSolution
		SolutionGuid = {46A12187-D170-4009-80D3-4A60DF0F70B0}
	EndGlobalSection
EndGlobal
